// !$*UTF8*$!
{
	archiveVersion = 1;
	classes = {
	};
	objectVersion = 50;
	objects = {

/* Begin PBXBuildFile section */
		A10B7B4525C16EA000958002 /* AppDelegate.swift in Sources */ = {isa = PBXBuildFile; fileRef = A10B7B4425C16EA000958002 /* AppDelegate.swift */; };
		A10B7B4725C16EA000958002 /* SceneDelegate.swift in Sources */ = {isa = PBXBuildFile; fileRef = A10B7B4625C16EA000958002 /* SceneDelegate.swift */; };
		A10B7B4925C16EA000958002 /* ViewController.swift in Sources */ = {isa = PBXBuildFile; fileRef = A10B7B4825C16EA000958002 /* ViewController.swift */; };
		A10B7B4C25C16EA000958002 /* Main.storyboard in Resources */ = {isa = PBXBuildFile; fileRef = A10B7B4A25C16EA000958002 /* Main.storyboard */; };
		A10B7B4E25C16EA200958002 /* Assets.xcassets in Resources */ = {isa = PBXBuildFile; fileRef = A10B7B4D25C16EA200958002 /* Assets.xcassets */; };
		A10B7B5125C16EA200958002 /* LaunchScreen.storyboard in Resources */ = {isa = PBXBuildFile; fileRef = A10B7B4F25C16EA200958002 /* LaunchScreen.storyboard */; };
		A10B7B5B25C1873200958002 /* HistoryViewController.swift in Sources */ = {isa = PBXBuildFile; fileRef = A10B7B5A25C1873200958002 /* HistoryViewController.swift */; };
		A10B7B5E25C1877100958002 /* QuizViewController.swift in Sources */ = {isa = PBXBuildFile; fileRef = A10B7B5D25C1877100958002 /* QuizViewController.swift */; };
		A10B7B6725C6DAAC00958002 /* ResultViewController.swift in Sources */ = {isa = PBXBuildFile; fileRef = A10B7B6625C6DAAC00958002 /* ResultViewController.swift */; };
		A10B7B6F25C6E07800958002 /* TableViewCell.swift in Sources */ = {isa = PBXBuildFile; fileRef = A10B7B6D25C6E07800958002 /* TableViewCell.swift */; };
		A10B7B7025C6E07800958002 /* TableViewCell.xib in Resources */ = {isa = PBXBuildFile; fileRef = A10B7B6E25C6E07800958002 /* TableViewCell.xib */; };
		A10B7B7325C6E1D400958002 /* HistoryItem.swift in Sources */ = {isa = PBXBuildFile; fileRef = A10B7B7225C6E1D400958002 /* HistoryItem.swift */; };
/* End PBXBuildFile section */

/* Begin PBXFileReference section */
		A10B7B4125C16EA000958002 /* Ass1_IOS1.app */ = {isa = PBXFileReference; explicitFileType = wrapper.application; includeInIndex = 0; path = Ass1_IOS1.app; sourceTree = BUILT_PRODUCTS_DIR; };
		A10B7B4425C16EA000958002 /* AppDelegate.swift */ = {isa = PBXFileReference; lastKnownFileType = sourcecode.swift; path = AppDelegate.swift; sourceTree = "<group>"; };
		A10B7B4625C16EA000958002 /* SceneDelegate.swift */ = {isa = PBXFileReference; lastKnownFileType = sourcecode.swift; path = SceneDelegate.swift; sourceTree = "<group>"; };
		A10B7B4825C16EA000958002 /* ViewController.swift */ = {isa = PBXFileReference; lastKnownFileType = sourcecode.swift; path = ViewController.swift; sourceTree = "<group>"; };
		A10B7B4B25C16EA000958002 /* Base */ = {isa = PBXFileReference; lastKnownFileType = file.storyboard; name = Base; path = Base.lproj/Main.storyboard; sourceTree = "<group>"; };
		A10B7B4D25C16EA200958002 /* Assets.xcassets */ = {isa = PBXFileReference; lastKnownFileType = folder.assetcatalog; path = Assets.xcassets; sourceTree = "<group>"; };
		A10B7B5025C16EA200958002 /* Base */ = {isa = PBXFileReference; lastKnownFileType = file.storyboard; name = Base; path = Base.lproj/LaunchScreen.storyboard; sourceTree = "<group>"; };
		A10B7B5225C16EA200958002 /* Info.plist */ = {isa = PBXFileReference; lastKnownFileType = text.plist.xml; path = Info.plist; sourceTree = "<group>"; };
		A10B7B5A25C1873200958002 /* HistoryViewController.swift */ = {isa = PBXFileReference; lastKnownFileType = sourcecode.swift; path = HistoryViewController.swift; sourceTree = "<group>"; };
		A10B7B5D25C1877100958002 /* QuizViewController.swift */ = {isa = PBXFileReference; lastKnownFileType = sourcecode.swift; path = QuizViewController.swift; sourceTree = "<group>"; };
		A10B7B6625C6DAAC00958002 /* ResultViewController.swift */ = {isa = PBXFileReference; lastKnownFileType = sourcecode.swift; path = ResultViewController.swift; sourceTree = "<group>"; };
		A10B7B6D25C6E07800958002 /* TableViewCell.swift */ = {isa = PBXFileReference; lastKnownFileType = sourcecode.swift; path = TableViewCell.swift; sourceTree = "<group>"; };
		A10B7B6E25C6E07800958002 /* TableViewCell.xib */ = {isa = PBXFileReference; lastKnownFileType = file.xib; path = TableViewCell.xib; sourceTree = "<group>"; };
		A10B7B7225C6E1D400958002 /* HistoryItem.swift */ = {isa = PBXFileReference; lastKnownFileType = sourcecode.swift; path = HistoryItem.swift; sourceTree = "<group>"; };
		A152C95325D1AD9B0028320C /* terminal.sh */ = {isa = PBXFileReference; lastKnownFileType = text.script.sh; path = terminal.sh; sourceTree = "<group>"; };
/* End PBXFileReference section */

/* Begin PBXFrameworksBuildPhase section */
		A10B7B3E25C16EA000958002 /* Frameworks */ = {
			isa = PBXFrameworksBuildPhase;
			buildActionMask = 2147483647;
			files = (
			);
			runOnlyForDeploymentPostprocessing = 0;
		};
/* End PBXFrameworksBuildPhase section */

/* Begin PBXGroup section */
		A10B7B3825C16EA000958002 = {
			isa = PBXGroup;
			children = (
				A152C95325D1AD9B0028320C /* terminal.sh */,
				A10B7B4325C16EA000958002 /* Ass1_IOS1 */,
				A10B7B4225C16EA000958002 /* Products */,
			);
			sourceTree = "<group>";
		};
		A10B7B4225C16EA000958002 /* Products */ = {
			isa = PBXGroup;
			children = (
				A10B7B4125C16EA000958002 /* Ass1_IOS1.app */,
			);
			name = Products;
			sourceTree = "<group>";
		};
		A10B7B4325C16EA000958002 /* Ass1_IOS1 */ = {
			isa = PBXGroup;
			children = (
				A10B7B7525C6E4D600958002 /* cells */,
				A10B7B7625C6E4EB00958002 /* controller */,
				A10B7B7725C6E50E00958002 /* delegate */,
				A10B7B4A25C16EA000958002 /* Main.storyboard */,
				A10B7B4F25C16EA200958002 /* LaunchScreen.storyboard */,
				A10B7B4D25C16EA200958002 /* Assets.xcassets */,
				A10B7B5225C16EA200958002 /* Info.plist */,
				A10B7B7225C6E1D400958002 /* HistoryItem.swift */,
			);
			path = Ass1_IOS1;
			sourceTree = "<group>";
		};
		A10B7B7525C6E4D600958002 /* cells */ = {
			isa = PBXGroup;
			children = (
				A10B7B6D25C6E07800958002 /* TableViewCell.swift */,
				A10B7B6E25C6E07800958002 /* TableViewCell.xib */,
			);
			path = cells;
			sourceTree = "<group>";
		};
		A10B7B7625C6E4EB00958002 /* controller */ = {
			isa = PBXGroup;
			children = (
				A10B7B4825C16EA000958002 /* ViewController.swift */,
				A10B7B5D25C1877100958002 /* QuizViewController.swift */,
				A10B7B6625C6DAAC00958002 /* ResultViewController.swift */,
				A10B7B5A25C1873200958002 /* HistoryViewController.swift */,
			);
			path = controller;
			sourceTree = "<group>";
		};
		A10B7B7725C6E50E00958002 /* delegate */ = {
			isa = PBXGroup;
			children = (
				A10B7B4425C16EA000958002 /* AppDelegate.swift */,
				A10B7B4625C16EA000958002 /* SceneDelegate.swift */,
			);
			path = delegate;
			sourceTree = "<group>";
		};
/* End PBXGroup section */

/* Begin PBXNativeTarget section */
		A10B7B4025C16EA000958002 /* Ass1_IOS1 */ = {
			isa = PBXNativeTarget;
			buildConfigurationList = A10B7B5525C16EA200958002 /* Build configuration list for PBXNativeTarget "Ass1_IOS1" */;
			buildPhases = (
				A10B7B3D25C16EA000958002 /* Sources */,
				A10B7B3E25C16EA000958002 /* Frameworks */,
				A10B7B3F25C16EA000958002 /* Resources */,
			);
			buildRules = (
			);
			dependencies = (
			);
			name = Ass1_IOS1;
			productName = Ass1_IOS1;
			productReference = A10B7B4125C16EA000958002 /* Ass1_IOS1.app */;
			productType = "com.apple.product-type.application";
		};
/* End PBXNativeTarget section */

/* Begin PBXProject section */
		A10B7B3925C16EA000958002 /* Project object */ = {
			isa = PBXProject;
			attributes = {
				LastSwiftUpdateCheck = 1230;
				LastUpgradeCheck = 1230;
				TargetAttributes = {
					A10B7B4025C16EA000958002 = {
						CreatedOnToolsVersion = 12.3;
					};
				};
			};
			buildConfigurationList = A10B7B3C25C16EA000958002 /* Build configuration list for PBXProject "Ass1_IOS1" */;
			compatibilityVersion = "Xcode 9.3";
			developmentRegion = en;
			hasScannedForEncodings = 0;
			knownRegions = (
				en,
				Base,
			);
			mainGroup = A10B7B3825C16EA000958002;
			productRefGroup = A10B7B4225C16EA000958002 /* Products */;
			projectDirPath = "";
			projectRoot = "";
			targets = (
				A10B7B4025C16EA000958002 /* Ass1_IOS1 */,
			);
		};
/* End PBXProject section */

/* Begin PBXResourcesBuildPhase section */
		A10B7B3F25C16EA000958002 /* Resources */ = {
			isa = PBXResourcesBuildPhase;
			buildActionMask = 2147483647;
			files = (
				A10B7B5125C16EA200958002 /* LaunchScreen.storyboard in Resources */,
				A10B7B7025C6E07800958002 /* TableViewCell.xib in Resources */,
				A10B7B4E25C16EA200958002 /* Assets.xcassets in Resources */,
				A10B7B4C25C16EA000958002 /* Main.storyboard in Resources */,
			);
			runOnlyForDeploymentPostprocessing = 0;
		};
/* End PBXResourcesBuildPhase section */

/* Begin PBXSourcesBuildPhase section */
		A10B7B3D25C16EA000958002 /* Sources */ = {
			isa = PBXSourcesBuildPhase;
			buildActionMask = 2147483647;
			files = (
				A10B7B4925C16EA000958002 /* ViewController.swift in Sources */,
				A10B7B5E25C1877100958002 /* QuizViewController.swift in Sources */,
				A10B7B4525C16EA000958002 /* AppDelegate.swift in Sources */,
				A10B7B4725C16EA000958002 /* SceneDelegate.swift in Sources */,
				A10B7B5B25C1873200958002 /* HistoryViewController.swift in Sources */,
				A10B7B7325C6E1D400958002 /* HistoryItem.swift in Sources */,
				A10B7B6F25C6E07800958002 /* TableViewCell.swift in Sources */,
				A10B7B6725C6DAAC00958002 /* ResultViewController.swift in Sources */,
			);
			runOnlyForDeploymentPostprocessing = 0;
		};
/* End PBXSourcesBuildPhase section */

/* Begin PBXVariantGroup section */
		A10B7B4A25C16EA000958002 /* Main.storyboard */ = {
			isa = PBXVariantGroup;
			children = (
				A10B7B4B25C16EA000958002 /* Base */,
			);
			name = Main.storyboard;
			sourceTree = "<group>";
		};
		A10B7B4F25C16EA200958002 /* LaunchScreen.storyboard */ = {
			isa = PBXVariantGroup;
			children = (
				A10B7B5025C16EA200958002 /* Base */,
			);
			name = LaunchScreen.storyboard;
			sourceTree = "<group>";
		};
/* End PBXVariantGroup section */

/* Begin XCBuildConfiguration section */
		A10B7B5325C16EA200958002 /* Debug */ = {
			isa = XCBuildConfiguration;
			buildSettings = {
				ALWAYS_SEARCH_USER_PATHS = NO;
				CLANG_ANALYZER_NONNULL = YES;
				CLANG_ANALYZER_NUMBER_OBJECT_CONVERSION = YES_AGGRESSIVE;
				CLANG_CXX_LANGUAGE_STANDARD = "gnu++14";
				CLANG_CXX_LIBRARY = "libc++";
				CLANG_ENABLE_MODULES = YES;
				CLANG_ENABLE_OBJC_ARC = YES;
				CLANG_ENABLE_OBJC_WEAK = YES;
				CLANG_WARN_BLOCK_CAPTURE_AUTORELEASING = YES;
				CLANG_WARN_BOOL_CONVERSION = YES;
				CLANG_WARN_COMMA = YES;
				CLANG_WARN_CONSTANT_CONVERSION = YES;
				CLANG_WARN_DEPRECATED_OBJC_IMPLEMENTATIONS = YES;
				CLANG_WARN_DIRECT_OBJC_ISA_USAGE = YES_ERROR;
				CLANG_WARN_DOCUMENTATION_COMMENTS = YES;
				CLANG_WARN_EMPTY_BODY = YES;
				CLANG_WARN_ENUM_CONVERSION = YES;
				CLANG_WARN_INFINITE_RECURSION = YES;
				CLANG_WARN_INT_CONVERSION = YES;
				CLANG_WARN_NON_LITERAL_NULL_CONVERSION = YES;
				CLANG_WARN_OBJC_IMPLICIT_RETAIN_SELF = YES;
				CLANG_WARN_OBJC_LITERAL_CONVERSION = YES;
				CLANG_WARN_OBJC_ROOT_CLASS = YES_ERROR;
				CLANG_WARN_QUOTED_INCLUDE_IN_FRAMEWORK_HEADER = YES;
				CLANG_WARN_RANGE_LOOP_ANALYSIS = YES;
				CLANG_WARN_STRICT_PROTOTYPES = YES;
				CLANG_WARN_SUSPICIOUS_MOVE = YES;
				CLANG_WARN_UNGUARDED_AVAILABILITY = YES_AGGRESSIVE;
				CLANG_WARN_UNREACHABLE_CODE = YES;
				CLANG_WARN__DUPLICATE_METHOD_MATCH = YES;
				COPY_PHASE_STRIP = NO;
				DEBUG_INFORMATION_FORMAT = dwarf;
				ENABLE_STRICT_OBJC_MSGSEND = YES;
				ENABLE_TESTABILITY = YES;
				GCC_C_LANGUAGE_STANDARD = gnu11;
				GCC_DYNAMIC_NO_PIC = NO;
				GCC_NO_COMMON_BLOCKS = YES;
				GCC_OPTIMIZATION_LEVEL = 0;
				GCC_PREPROCESSOR_DEFINITIONS = (
					"DEBUG=1",
					"$(inherited)",
				);
				GCC_WARN_64_TO_32_BIT_CONVERSION = YES;
				GCC_WARN_ABOUT_RETURN_TYPE = YES_ERROR;
				GCC_WARN_UNDECLARED_SELECTOR = YES;
				GCC_WARN_UNINITIALIZED_AUTOS = YES_AGGRESSIVE;
				GCC_WARN_UNUSED_FUNCTION = YES;
				GCC_WARN_UNUSED_VARIABLE = YES;
				IPHONEOS_DEPLOYMENT_TARGET = 14.3;
				MTL_ENABLE_DEBUG_INFO = INCLUDE_SOURCE;
				MTL_FAST_MATH = YES;
				ONLY_ACTIVE_ARCH = YES;
				SDKROOT = iphoneos;
				SWIFT_ACTIVE_COMPILATION_CONDITIONS = DEBUG;
				SWIFT_OPTIMIZATION_LEVEL = "-Onone";
			};
			name = Debug;
		};
		A10B7B5425C16EA200958002 /* Release */ = {
			isa = XCBuildConfiguration;
			buildSettings = {
				ALWAYS_SEARCH_USER_PATHS = NO;
				CLANG_ANALYZER_NONNULL = YES;
				CLANG_ANALYZER_NUMBER_OBJECT_CONVERSION = YES_AGGRESSIVE;
				CLANG_CXX_LANGUAGE_STANDARD = "gnu++14";
				CLANG_CXX_LIBRARY = "libc++";
				CLANG_ENABLE_MODULES = YES;
				CLANG_ENABLE_OBJC_ARC = YES;
				CLANG_ENABLE_OBJC_WEAK = YES;
				CLANG_WARN_BLOCK_CAPTURE_AUTORELEASING = YES;
				CLANG_WARN_BOOL_CONVERSION = YES;
				CLANG_WARN_COMMA = YES;
				CLANG_WARN_CONSTANT_CONVERSION = YES;
				CLANG_WARN_DEPRECATED_OBJC_IMPLEMENTATIONS = YES;
				CLANG_WARN_DIRECT_OBJC_ISA_USAGE = YES_ERROR;
				CLANG_WARN_DOCUMENTATION_COMMENTS = YES;
				CLANG_WARN_EMPTY_BODY = YES;
				CLANG_WARN_ENUM_CONVERSION = YES;
				CLANG_WARN_INFINITE_RECURSION = YES;
				CLANG_WARN_INT_CONVERSION = YES;
				CLANG_WARN_NON_LITERAL_NULL_CONVERSION = YES;
				CLANG_WARN_OBJC_IMPLICIT_RETAIN_SELF = YES;
				CLANG_WARN_OBJC_LITERAL_CONVERSION = YES;
				CLANG_WARN_OBJC_ROOT_CLASS = YES_ERROR;
				CLANG_WARN_QUOTED_INCLUDE_IN_FRAMEWORK_HEADER = YES;
				CLANG_WARN_RANGE_LOOP_ANALYSIS = YES;
				CLANG_WARN_STRICT_PROTOTYPES = YES;
				CLANG_WARN_SUSPICIOUS_MOVE = YES;
				CLANG_WARN_UNGUARDED_AVAILABILITY = YES_AGGRESSIVE;
				CLANG_WARN_UNREACHABLE_CODE = YES;
				CLANG_WARN__DUPLICATE_METHOD_MATCH = YES;
				COPY_PHASE_STRIP = NO;
				DEBUG_INFORMATION_FORMAT = "dwarf-with-dsym";
				ENABLE_NS_ASSERTIONS = NO;
				ENABLE_STRICT_OBJC_MSGSEND = YES;
				GCC_C_LANGUAGE_STANDARD = gnu11;
				GCC_NO_COMMON_BLOCKS = YES;
				GCC_WARN_64_TO_32_BIT_CONVERSION = YES;
				GCC_WARN_ABOUT_RETURN_TYPE = YES_ERROR;
				GCC_WARN_UNDECLARED_SELECTOR = YES;
				GCC_WARN_UNINITIALIZED_AUTOS = YES_AGGRESSIVE;
				GCC_WARN_UNUSED_FUNCTION = YES;
				GCC_WARN_UNUSED_VARIABLE = YES;
				IPHONEOS_DEPLOYMENT_TARGET = 14.3;
				MTL_ENABLE_DEBUG_INFO = NO;
				MTL_FAST_MATH = YES;
				SDKROOT = iphoneos;
				SWIFT_COMPILATION_MODE = wholemodule;
				SWIFT_OPTIMIZATION_LEVEL = "-O";
				VALIDATE_PRODUCT = YES;
			};
			name = Release;
		};
		A10B7B5625C16EA200958002 /* Debug */ = {
			isa = XCBuildConfiguration;
			buildSettings = {
				ASSETCATALOG_COMPILER_APPICON_NAME = AppIcon;
				ASSETCATALOG_COMPILER_GLOBAL_ACCENT_COLOR_NAME = AccentColor;
				CODE_SIGN_STYLE = Automatic;
				DEVELOPMENT_TEAM = 4T56M72395;
				INFOPLIST_FILE = Ass1_IOS1/Info.plist;
				LD_RUNPATH_SEARCH_PATHS = (
					"$(inherited)",
					"@executable_path/Frameworks",
				);
				PRODUCT_BUNDLE_IDENTIFIER = "local.Ass1-IOS1";
				PRODUCT_NAME = "$(TARGET_NAME)";
				SWIFT_VERSION = 5.0;
				TARGETED_DEVICE_FAMILY = "1,2";
			};
			name = Debug;
		};
		A10B7B5725C16EA200958002 /* Release */ = {
			isa = XCBuildConfiguration;
			buildSettings = {
				ASSETCATALOG_COMPILER_APPICON_NAME = AppIcon;
				ASSETCATALOG_COMPILER_GLOBAL_ACCENT_COLOR_NAME = AccentColor;
				CODE_SIGN_STYLE = Automatic;
				DEVELOPMENT_TEAM = 4T56M72395;
				INFOPLIST_FILE = Ass1_IOS1/Info.plist;
				LD_RUNPATH_SEARCH_PATHS = (
					"$(inherited)",
					"@executable_path/Frameworks",
				);
				PRODUCT_BUNDLE_IDENTIFIER = "local.Ass1-IOS1";
				PRODUCT_NAME = "$(TARGET_NAME)";
				SWIFT_VERSION = 5.0;
				TARGETED_DEVICE_FAMILY = "1,2";
			};
			name = Release;
		};
/* End XCBuildConfiguration section */

/* Begin XCConfigurationList section */
		A10B7B3C25C16EA000958002 /* Build configuration list for PBXProject "Ass1_IOS1" */ = {
			isa = XCConfigurationList;
			buildConfigurations = (
				A10B7B5325C16EA200958002 /* Debug */,
				A10B7B5425C16EA200958002 /* Release */,
			);
			defaultConfigurationIsVisible = 0;
			defaultConfigurationName = Release;
		};
		A10B7B5525C16EA200958002 /* Build configuration list for PBXNativeTarget "Ass1_IOS1" */ = {
			isa = XCConfigurationList;
			buildConfigurations = (
				A10B7B5625C16EA200958002 /* Debug */,
				A10B7B5725C16EA200958002 /* Release */,
			);
			defaultConfigurationIsVisible = 0;
			defaultConfigurationName = Release;
		};
/* End XCConfigurationList section */
	};
	rootObject = A10B7B3925C16EA000958002 /* Project object */;
}
